{
  "name": "temp",
  "lockfileVersion": 2,
  "requires": true,
  "packages": {
    "": {
      "dependencies": {
        "npm-publish-package-demo": "^0.0.1"
      }
    },
    "node_modules/npm-publish-package-demo": {
      "version": "0.0.1",
      "resolved": "https://registry.npmjs.org/npm-publish-package-demo/-/npm-publish-package-demo-0.0.1.tgz",
      "integrity": "sha512-aeWZtvfnh3m5NOp22W1U5QN4Xro7YWVe/Foo300il9NIfiXhsT0r0Bk3VvKhvjoh47eplatgms8PBzxy8cwWpQ=="
    }
  },
  "dependencies": {
    "npm-publish-package-demo": {
      "version": "0.0.1",
      "resolved": "https://registry.npmjs.org/npm-publish-package-demo/-/npm-publish-package-demo-0.0.1.tgz",
      "integrity": "sha512-aeWZtvfnh3m5NOp22W1U5QN4Xro7YWVe/Foo300il9NIfiXhsT0r0Bk3VvKhvjoh47eplatgms8PBzxy8cwWpQ=="
    }
  }
}
