{
  "name": "npm-publish-package-demo-usage",
  "lockfileVersion": 2,
  "requires": true,
  "packages": {
    "": {
      "dependencies": {
        "npm-publish-package-demo": "^0.1.0"
      }
    },
    "node_modules/npm-publish-package-demo": {
      "version": "0.1.1",
      "resolved": "https://registry.npmjs.org/npm-publish-package-demo/-/npm-publish-package-demo-0.1.1.tgz",
      "integrity": "sha512-tvGXRPGp3Tr+It/XDQmfh2BPttavbO/h/EW4mOGiEsNw9yoIuUR6R1zdfbwXwulTozJ9BwpJXE//XsoNBeq+wA=="
    }
  },
  "dependencies": {
    "npm-publish-package-demo": {
      "version": "0.1.1",
      "resolved": "https://registry.npmjs.org/npm-publish-package-demo/-/npm-publish-package-demo-0.1.1.tgz",
      "integrity": "sha512-tvGXRPGp3Tr+It/XDQmfh2BPttavbO/h/EW4mOGiEsNw9yoIuUR6R1zdfbwXwulTozJ9BwpJXE//XsoNBeq+wA=="
    }
  }
}
